
Microsoft Visual Studio Solution File, Format Version 12.00
# Visual Studio Version 16
VisualStudioVersion = 16.0.28407.52
MinimumVisualStudioVersion = 10.0.40219.1
Project("{FAE04EC0-301F-11D3-BF4B-00C04F79EFBC}") = "WordExporter", "WordExporter\WordExporter.csproj", "{4FB4E2B7-7134-4F9A-95DF-BCDB38E5888C}"
EndProject
Project("{FAE04EC0-301F-11D3-BF4B-00C04F79EFBC}") = "WordExporter.Core", "WordExporter.Core\WordExporter.Core.csproj", "{ABB29D4F-6ACE-481B-AAA8-C0F5BFF0DBA8}"
EndProject
Global
	GlobalSection(SolutionConfigurationPlatforms) = preSolution
		Debug|Any CPU = Debug|Any CPU
		Release|Any CPU = Release|Any CPU
	EndGlobalSection
	GlobalSection(ProjectConfigurationPlatforms) = postSolution
		{4FB4E2B7-7134-4F9A-95DF-BCDB38E5888C}.Debug|Any CPU.ActiveCfg = Debug|Any CPU
		{4FB4E2B7-7134-4F9A-95DF-BCDB38E5888C}.Debug|Any CPU.Build.0 = Debug|Any CPU
		{4FB4E2B7-7134-4F9A-95DF-BCDB38E5888C}.Release|Any CPU.ActiveCfg = Release|Any CPU
		{4FB4E2B7-7134-4F9A-95DF-BCDB38E5888C}.Release|Any CPU.Build.0 = Release|Any CPU
		{ABB29D4F-6ACE-481B-AAA8-C0F5BFF0DBA8}.Debug|Any CPU.ActiveCfg = Debug|Any CPU
		{ABB29D4F-6ACE-481B-AAA8-C0F5BFF0DBA8}.Debug|Any CPU.Build.0 = Debug|Any CPU
		{ABB29D4F-6ACE-481B-AAA8-C0F5BFF0DBA8}.Release|Any CPU.ActiveCfg = Release|Any CPU
		{ABB29D4F-6ACE-481B-AAA8-C0F5BFF0DBA8}.Release|Any CPU.Build.0 = Release|Any CPU
	EndGlobalSection
	GlobalSection(SolutionProperties) = preSolution
		HideSolutionNode = FALSE
	EndGlobalSection
	GlobalSection(ExtensibilityGlobals) = postSolution
		SolutionGuid = {D68031A7-0A00-4C59-96AD-1B374406CF06}
	EndGlobalSection
EndGlobal
